
Microsoft Visual Studio Solution File, Format Version 12.00
# Visual Studio Version 17
VisualStudioVersion = 17.11.35303.130
MinimumVisualStudioVersion = 10.0.40219.1
Project("{FAE04EC0-301F-11D3-BF4B-00C04F79EFBC}") = "ChessBoard", "ChessBoard.csproj", "{DC198D6A-CA12-4CAC-A0A7-E83BB6060729}"
EndProject
Global
	GlobalSection(SolutionConfigurationPlatforms) = preSolution
		Debug|Any CPU = Debug|Any CPU
		Release|Any CPU = Release|Any CPU
	EndGlobalSection
	GlobalSection(ProjectConfigurationPlatforms) = postSolution
		{DC198D6A-CA12-4CAC-A0A7-E83BB6060729}.Debug|Any CPU.ActiveCfg = Debug|Any CPU
		{DC198D6A-CA12-4CAC-A0A7-E83BB6060729}.Debug|Any CPU.Build.0 = Debug|Any CPU
		{DC198D6A-CA12-4CAC-A0A7-E83BB6060729}.Release|Any CPU.ActiveCfg = Release|Any CPU
		{DC198D6A-CA12-4CAC-A0A7-E83BB6060729}.Release|Any CPU.Build.0 = Release|Any CPU
	EndGlobalSection
	GlobalSection(SolutionProperties) = preSolution
		HideSolutionNode = FALSE
	EndGlobalSection
	GlobalSection(ExtensibilityGlobals) = postSolution
		SolutionGuid = {E4FF282E-DFF9-4BFE-B098-9B1903A5AAEF}
	EndGlobalSection
EndGlobal
